<?xml version="1.0" encoding="UTF-8" standalone="yes" ?>
<CodeBlocks_project_file>
	<FileVersion major="1" minor="6" />
	<Project>
		<Option title="D3Q27" />
		<Option pch_mode="2" />
		<Option compiler="gcc" />
		<Build>
			<Target title="Debug">
				<Option output="bin/Debug/D3Q27" prefix_auto="1" extension_auto="1" />
				<Option object_output="obj/Debug/" />
				<Option type="1" />
				<Option compiler="gcc" />
				<Compiler>
					<Add option="-g" />
				</Compiler>
			</Target>
			<Target title="Release">
				<Option output="bin/Release/D3Q27" prefix_auto="1" extension_auto="1" />
				<Option object_output="obj/Release/" />
				<Option type="1" />
				<Option compiler="gcc" />
				<Compiler>
					<Add option="-O3" />
					<Add option="-std=c++17" />
					<Add option="-funroll-all-loops" />
					<Add option="-fopenmp" />
					<Add option="-finline-functions" />
					<Add option="-flto" />
					<Add option="-obey-inline" />
					<Add option="-mavx2" />
					<Add option="-march=native" />
					<Add option="-DNDEBUG" />
				</Compiler>
				<Linker>
					<Add option="-s" />
					<Add option="-lgomp" />
				</Linker>
			</Target>
		</Build>
		<Compiler>
			<Add option="-Wall" />
			<Add option="-fexceptions" />
		</Compiler>
		<Unit filename="boundary.hpp" />
		<Unit filename="boundary_bounceback.hpp" />
		<Unit filename="boundary_guo.hpp" />
		<Unit filename="boundary_latt.hpp" />
		<Unit filename="collision_bgk.hpp" />
		<Unit filename="collision_bgk_avx.hpp" />
		<Unit filename="collision_bgk_smagorinsky.hpp" />
		<Unit filename="collision_trt.hpp" />
		<Unit filename="continuum.hpp" />
		<Unit filename="continuum_backup.hpp" />
		<Unit filename="continuum_export.hpp" />
		<Unit filename="continuum_indexing.hpp" />
		<Unit filename="disclaimer.hpp" />
		<Unit filename="error_handling.hpp" />
		<Unit filename="geometry.hpp" />
		<Unit filename="initialisation.hpp" />
		<Unit filename="lattice.hpp" />
		<Unit filename="lattice_avx_indexing.hpp" />
		<Unit filename="lattice_backup.hpp" />
		<Unit filename="lattice_indexing.hpp" />
		<Unit filename="main.cpp" />
		<Unit filename="memory_alignment.hpp" />
		<Unit filename="parallelism.cpp" />
		<Unit filename="parallelism.hpp" />
		<Unit filename="paths.cpp" />
		<Unit filename="paths.hpp" />
		<Unit filename="timer.hpp" />
		<Extensions>
			<code_completion />
			<debugger />
		</Extensions>
	</Project>
</CodeBlocks_project_file>
