<?xml version="1.0" encoding="UTF-8" standalone="yes" ?>
<CodeBlocks_project_file>
	<FileVersion major="1" minor="6" />
	<Project>
		<Option title="LB-t" />
		<Option pch_mode="2" />
		<Option compiler="gcc" />
		<Build>
			<Target title="Debug">
				<Option output="bin/Debug/main" prefix_auto="1" extension_auto="1" />
				<Option object_output="obj/Debug/" />
				<Option type="1" />
				<Option compiler="gcc" />
				<Compiler>
					<Add option="-g" />
					<Add option="-std=c++17" />
				</Compiler>
			</Target>
			<Target title="Release">
				<Option output="bin/Release/main" prefix_auto="1" extension_auto="1" />
				<Option object_output="obj/Release/" />
				<Option type="1" />
				<Option compiler="gcc" />
				<Compiler>
					<Add option="-O3" />
					<Add option="-std=c++17" />
					<Add option="-funroll-all-loops" />
					<Add option="-fopenmp" />
					<Add option="-finline-functions" />
					<Add option="-flto" />
					<Add option="-obey-inline" />
					<Add option="-mavx2" />
					<Add option="-march=native" />
					<Add option="-DNDEBUG" />
				</Compiler>
				<Linker>
					<Add option="-s" />
					<Add option="-lgomp" />
				</Linker>
			</Target>
		</Build>
		<Compiler>
			<Add option="-Wall" />
			<Add option="-fexceptions" />
		</Compiler>
		<Unit filename="src/continuum/continuum.hpp" />
		<Unit filename="src/continuum/continuum_export.hpp" />
		<Unit filename="src/continuum/continuum_import.hpp" />
		<Unit filename="src/continuum/continuum_indexing.hpp" />
		<Unit filename="src/continuum/initialisation.hpp" />
		<Unit filename="src/general/constexpr_func.hpp" />
		<Unit filename="src/general/disclaimer.hpp" />
		<Unit filename="src/general/memory_alignment.hpp" />
		<Unit filename="src/general/output.hpp" />
		<Unit filename="src/general/parallelism.cpp" />
		<Unit filename="src/general/parallelism.hpp" />
		<Unit filename="src/general/parameters_export.hpp" />
		<Unit filename="src/general/paths.hpp" />
		<Unit filename="src/general/timer.hpp" />
		<Unit filename="src/geometry/cylinder.hpp" />
		<Unit filename="src/lattice/D3Q19.hpp" />
		<Unit filename="src/lattice/D3Q27.hpp" />
		<Unit filename="src/lattice/lattice_unit_test.hpp" />
		<Unit filename="src/main.cpp" />
		<Unit filename="src/population/boundary/boundary.hpp" />
		<Unit filename="src/population/boundary/boundary_bounceback.hpp" />
		<Unit filename="src/population/boundary/boundary_guo.hpp" />
		<Unit filename="src/population/boundary/boundary_orientation.hpp" />
		<Unit filename="src/population/boundary/boundary_type.hpp" />
		<Unit filename="src/population/collision/collision_bgk.hpp" />
		<Unit filename="src/population/collision/collision_bgk_avx2.hpp" />
		<Unit filename="src/population/collision/collision_bgk_avx512.hpp" />
		<Unit filename="src/population/collision/collision_trt.hpp" />
		<Unit filename="src/population/initialisation.hpp" />
		<Unit filename="src/population/population.hpp" />
		<Unit filename="src/population/population_backup.hpp" />
		<Unit filename="src/population/population_indexing.hpp" />
		<Extensions>
			<code_completion />
			<debugger />
		</Extensions>
	</Project>
</CodeBlocks_project_file>
